
Microsoft Visual Studio Solution File, Format Version 12.00
# Visual Studio 15
VisualStudioVersion = 15.0.28010.2036
MinimumVisualStudioVersion = 10.0.40219.1
Project("{FAE04EC0-301F-11D3-BF4B-00C04F79EFBC}") = "AirportsTracking", "AirportsTracking\AirportsTracking.csproj", "{C101EC1F-5AD3-4BE4-AA56-00B27EB59AB0}"
EndProject
Global
	GlobalSection(SolutionConfigurationPlatforms) = preSolution
		Debug|Any CPU = Debug|Any CPU
		Release|Any CPU = Release|Any CPU
	EndGlobalSection
	GlobalSection(ProjectConfigurationPlatforms) = postSolution
		{C101EC1F-5AD3-4BE4-AA56-00B27EB59AB0}.Debug|Any CPU.ActiveCfg = Debug|Any CPU
		{C101EC1F-5AD3-4BE4-AA56-00B27EB59AB0}.Debug|Any CPU.Build.0 = Debug|Any CPU
		{C101EC1F-5AD3-4BE4-AA56-00B27EB59AB0}.Release|Any CPU.ActiveCfg = Release|Any CPU
		{C101EC1F-5AD3-4BE4-AA56-00B27EB59AB0}.Release|Any CPU.Build.0 = Release|Any CPU
	EndGlobalSection
	GlobalSection(SolutionProperties) = preSolution
		HideSolutionNode = FALSE
	EndGlobalSection
	GlobalSection(ExtensibilityGlobals) = postSolution
		SolutionGuid = {34F93A25-140D-4B61-ABB5-CBB70DA09E9D}
	EndGlobalSection
EndGlobal
